github.com/GlideIdentity/glide-be-sdk-go/core/v2 v2.0.0 h1:xAkrojY/Fp5nEjjK263UmEN98I0ANATv6q+mHVXrSzQ=
github.com/GlideIdentity/glide-be-sdk-go/core/v2 v2.0.0/go.mod h1:YHoyRCvnEsNvEZmHuhnat1sYFJaaueAI8sd1MUHfUZ8=
github.com/GlideIdentity/glide-be-sdk-go/v2 v2.0.0 h1:4ejbMofr4TdglO6kDOgb8EXf3nPDW2SHQon3ZiCPHCs=
github.com/GlideIdentity/glide-be-sdk-go/v2 v2.0.0/go.mod h1:jHURcO1u2tUar0h9NrFxbAUACOJIvGBCY+SSYJL11yc=
github.com/joho/godotenv v1.5.1 h1:7eLL/+HRGLY0ldzfGMeQkb7vMd0as4CfYvUVzLqw0N0=
github.com/joho/godotenv v1.5.1/go.mod h1:f4LDr5Voq0i2e/R5DDNOoa2zzDfwtkZa6DnEwAbqwq4=
github.com/rs/cors v1.10.1 h1:L0uuZVXIKlI1SShY2nhFfo44TYvDPQ1w4oFkUJNfhyo=
github.com/rs/cors v1.10.1/go.mod h1:XyqrcTp5zjWr1wsJ8PIRZssZ8b/WMcMf71DJnit4EMU=
